name: Force Unlock Terraform State

on:
  workflow_dispatch:  # Permite ejecutarlo manualmente desde GitHub Actions

jobs:
  force-unlock:
    name: 🔓 Force Unlock Terraform State
    runs-on: ubuntu-latest
    timeout-minutes: 5

    steps:
      - name: Checkout code
        uses: actions/checkout@v4

      - name: Azure Login
        uses: azure/login@v1
        with:
          creds: |
            {
              "clientId": "${{ secrets.AZURE_CLIENT_ID }}",
              "clientSecret": "${{ secrets.AZURE_CLIENT_SECRET }}",
              "tenantId": "${{ secrets.AZURE_TENANT_ID }}",
              "subscriptionId": "${{ secrets.AZURE_SUBSCRIPTION_ID }}"
            }

      - name: Setup Terraform
        uses: hashicorp/setup-terraform@v3
        with:
          terraform_version: 1.5.7

      - name: Terraform Init (Backend)
        run: terraform init -upgrade
        working-directory: ./terraform
        env:
          ARM_CLIENT_ID: ${{ secrets.AZURE_CLIENT_ID }}
          ARM_CLIENT_SECRET: ${{ secrets.AZURE_CLIENT_SECRET }}
          ARM_TENANT_ID: ${{ secrets.AZURE_TENANT_ID }}
          ARM_SUBSCRIPTION_ID: ${{ secrets.AZURE_SUBSCRIPTION_ID }}

      - name: 🔓 Force Unlock Terraform State
        run: |
          echo "🔓 Forcing unlock of Terraform state..."
          terraform force-unlock -force 12cd2317-48cd-5482-b3f7-411b73b53f7e
        working-directory: ./terraform
        env:
          ARM_CLIENT_ID: ${{ secrets.AZURE_CLIENT_ID }}
          ARM_CLIENT_SECRET: ${{ secrets.AZURE_CLIENT_SECRET }}
          ARM_TENANT_ID: ${{ secrets.AZURE_TENANT_ID }}
          ARM_SUBSCRIPTION_ID: ${{ secrets.AZURE_SUBSCRIPTION_ID }}
